{
  "lockfileVersion": 1,
  "configVersion": 1,
  "workspaces": {
    "": {
      "name": "@inner/shared",
      "dependencies": {
        "async-mutex": "^0.5.0",
        "axios": "^1.6.2",
        "ioredis": "^5.3.2",
        "mongodb": "^6.10.0",
        "uuid": "^10.0.0",
        "winston": "^3.11.0",
      },
      "devDependencies": {
        "@types/koa": "^2.15.0",
        "@types/node": "^18.0.0",
        "@types/uuid": "^10.0.0",
        "typescript": "^5.6.3",
      },
      "peerDependencies": {
        "koa": "^2.14.2",
      },
      "optionalPeers": [
        "koa",
      ],
    },
  },
  "packages": {
    "@colors/colors": ["@colors/colors@1.6.0", "https://bnpm.byted.org/@colors/colors/-/colors-1.6.0.tgz", {}, "sha512-Ir+AOibqzrIsL6ajt3Rz3LskB7OiMVHqltZmspbW/TJuTVuyOMirVqAkjfY6JISiLHgyNqicAC8AyHHGzNd/dA=="],

    "@dabh/diagnostics": ["@dabh/diagnostics@2.0.8", "https://bnpm.byted.org/@dabh/diagnostics/-/diagnostics-2.0.8.tgz", { "dependencies": { "@so-ric/colorspace": "^1.1.6", "enabled": "2.0.x", "kuler": "^2.0.0" } }, "sha512-R4MSXTVnuMzGD7bzHdW2ZhhdPC/igELENcq5IjEverBvq5hn1SXCWcsi6eSsdWP0/Ur+SItRRjAktmdoX/8R/Q=="],

    "@ioredis/commands": ["@ioredis/commands@1.5.0", "https://bnpm.byted.org/@ioredis/commands/-/commands-1.5.0.tgz", {}, "sha512-eUgLqrMf8nJkZxT24JvVRrQya1vZkQh8BBeYNwGDqa5I0VUi8ACx7uFvAaLxintokpTenkK6DASvo/bvNbBGow=="],

    "@mongodb-js/saslprep": ["@mongodb-js/saslprep@1.4.6", "https://bnpm.byted.org/@mongodb-js/saslprep/-/saslprep-1.4.6.tgz", { "dependencies": { "sparse-bitfield": "^3.0.3" } }, "sha512-y+x3H1xBZd38n10NZF/rEBlvDOOMQ6LKUTHqr8R9VkJ+mmQOYtJFxIlkkK8fZrtOiL6VixbOBWMbZGBdal3Z1g=="],

    "@so-ric/colorspace": ["@so-ric/colorspace@1.1.6", "https://bnpm.byted.org/@so-ric/colorspace/-/colorspace-1.1.6.tgz", { "dependencies": { "color": "^5.0.2", "text-hex": "1.0.x" } }, "sha512-/KiKkpHNOBgkFJwu9sh48LkHSMYGyuTcSFK/qMBdnOAlrRJzRSXAOFB5qwzaVQuDl8wAvHVMkaASQDReTahxuw=="],

    "@types/accepts": ["@types/accepts@1.3.7", "https://bnpm.byted.org/@types/accepts/-/accepts-1.3.7.tgz", { "dependencies": { "@types/node": "*" } }, "sha512-Pay9fq2lM2wXPWbteBsRAGiWH2hig4ZE2asK+mm7kUzlxRTfL961rj89I6zV/E3PcIkDqyuBEcMxFT7rccugeQ=="],

    "@types/body-parser": ["@types/body-parser@1.19.6", "https://bnpm.byted.org/@types/body-parser/-/body-parser-1.19.6.tgz", { "dependencies": { "@types/connect": "*", "@types/node": "*" } }, "sha512-HLFeCYgz89uk22N5Qg3dvGvsv46B8GLvKKo1zKG4NybA8U2DiEO3w9lqGg29t/tfLRJpJ6iQxnVw4OnB7MoM9g=="],

    "@types/connect": ["@types/connect@3.4.38", "https://bnpm.byted.org/@types/connect/-/connect-3.4.38.tgz", { "dependencies": { "@types/node": "*" } }, "sha512-K6uROf1LD88uDQqJCktA4yzL1YYAK6NgfsI0v/mTgyPKWsX1CnJ0XPSDhViejru1GcRkLWb8RlzFYJRqGUbaug=="],

    "@types/content-disposition": ["@types/content-disposition@0.5.9", "https://bnpm.byted.org/@types/content-disposition/-/content-disposition-0.5.9.tgz", {}, "sha512-8uYXI3Gw35MhiVYhG3s295oihrxRyytcRHjSjqnqZVDDy/xcGBRny7+Xj1Wgfhv5QzRtN2hB2dVRBUX9XW3UcQ=="],

    "@types/cookies": ["@types/cookies@0.9.2", "https://bnpm.byted.org/@types/cookies/-/cookies-0.9.2.tgz", { "dependencies": { "@types/connect": "*", "@types/express": "*", "@types/keygrip": "*", "@types/node": "*" } }, "sha512-1AvkDdZM2dbyFybL4fxpuNCaWyv//0AwsuUk2DWeXyM1/5ZKm6W3z6mQi24RZ4l2ucY+bkSHzbDVpySqPGuV8A=="],

    "@types/express": ["@types/express@5.0.6", "https://bnpm.byted.org/@types/express/-/express-5.0.6.tgz", { "dependencies": { "@types/body-parser": "*", "@types/express-serve-static-core": "^5.0.0", "@types/serve-static": "^2" } }, "sha512-sKYVuV7Sv9fbPIt/442koC7+IIwK5olP1KWeD88e/idgoJqDm3JV/YUiPwkoKK92ylff2MGxSz1CSjsXelx0YA=="],

    "@types/express-serve-static-core": ["@types/express-serve-static-core@5.1.1", "https://bnpm.byted.org/@types/express-serve-static-core/-/express-serve-static-core-5.1.1.tgz", { "dependencies": { "@types/node": "*", "@types/qs": "*", "@types/range-parser": "*", "@types/send": "*" } }, "sha512-v4zIMr/cX7/d2BpAEX3KNKL/JrT1s43s96lLvvdTmza1oEvDudCqK9aF/djc/SWgy8Yh0h30TZx5VpzqFCxk5A=="],

    "@types/http-assert": ["@types/http-assert@1.5.6", "https://bnpm.byted.org/@types/http-assert/-/http-assert-1.5.6.tgz", {}, "sha512-TTEwmtjgVbYAzZYWyeHPrrtWnfVkm8tQkP8P21uQifPgMRgjrow3XDEYqucuC8SKZJT7pUnhU/JymvjggxO9vw=="],

    "@types/http-errors": ["@types/http-errors@2.0.5", "https://bnpm.byted.org/@types/http-errors/-/http-errors-2.0.5.tgz", {}, "sha512-r8Tayk8HJnX0FztbZN7oVqGccWgw98T/0neJphO91KkmOzug1KkofZURD4UaD5uH8AqcFLfdPErnBod0u71/qg=="],

    "@types/keygrip": ["@types/keygrip@1.0.6", "https://bnpm.byted.org/@types/keygrip/-/keygrip-1.0.6.tgz", {}, "sha512-lZuNAY9xeJt7Bx4t4dx0rYCDqGPW8RXhQZK1td7d4H6E9zYbLoOtjBvfwdTKpsyxQI/2jv+armjX/RW+ZNpXOQ=="],

    "@types/koa": ["@types/koa@2.15.0", "https://bnpm.byted.org/@types/koa/-/koa-2.15.0.tgz", { "dependencies": { "@types/accepts": "*", "@types/content-disposition": "*", "@types/cookies": "*", "@types/http-assert": "*", "@types/http-errors": "*", "@types/keygrip": "*", "@types/koa-compose": "*", "@types/node": "*" } }, "sha512-7QFsywoE5URbuVnG3loe03QXuGajrnotr3gQkXcEBShORai23MePfFYdhz90FEtBBpkyIYQbVD+evKtloCgX3g=="],

    "@types/koa-compose": ["@types/koa-compose@3.2.9", "https://bnpm.byted.org/@types/koa-compose/-/koa-compose-3.2.9.tgz", { "dependencies": { "@types/koa": "*" } }, "sha512-BroAZ9FTvPiCy0Pi8tjD1OfJ7bgU1gQf0eR6e1Vm+JJATy9eKOG3hQMFtMciMawiSOVnLMdmUOC46s7HBhSTsA=="],

    "@types/node": ["@types/node@18.19.130", "https://bnpm.byted.org/@types/node/-/node-18.19.130.tgz", { "dependencies": { "undici-types": "~5.26.4" } }, "sha512-GRaXQx6jGfL8sKfaIDD6OupbIHBr9jv7Jnaml9tB7l4v068PAOXqfcujMMo5PhbIs6ggR1XODELqahT2R8v0fg=="],

    "@types/qs": ["@types/qs@6.14.0", "https://bnpm.byted.org/@types/qs/-/qs-6.14.0.tgz", {}, "sha512-eOunJqu0K1923aExK6y8p6fsihYEn/BYuQ4g0CxAAgFc4b/ZLN4CrsRZ55srTdqoiLzU2B2evC+apEIxprEzkQ=="],

    "@types/range-parser": ["@types/range-parser@1.2.7", "https://bnpm.byted.org/@types/range-parser/-/range-parser-1.2.7.tgz", {}, "sha512-hKormJbkJqzQGhziax5PItDUTMAM9uE2XXQmM37dyd4hVM+5aVl7oVxMVUiVQn2oCQFN/LKCZdvSM0pFRqbSmQ=="],

    "@types/send": ["@types/send@1.2.1", "https://bnpm.byted.org/@types/send/-/send-1.2.1.tgz", { "dependencies": { "@types/node": "*" } }, "sha512-arsCikDvlU99zl1g69TcAB3mzZPpxgw0UQnaHeC1Nwb015xp8bknZv5rIfri9xTOcMuaVgvabfIRA7PSZVuZIQ=="],

    "@types/serve-static": ["@types/serve-static@2.2.0", "https://bnpm.byted.org/@types/serve-static/-/serve-static-2.2.0.tgz", { "dependencies": { "@types/http-errors": "*", "@types/node": "*" } }, "sha512-8mam4H1NHLtu7nmtalF7eyBH14QyOASmcxHhSfEoRyr0nP/YdoesEtU+uSRvMe96TW/HPTtkoKqQLl53N7UXMQ=="],

    "@types/triple-beam": ["@types/triple-beam@1.3.5", "https://bnpm.byted.org/@types/triple-beam/-/triple-beam-1.3.5.tgz", {}, "sha512-6WaYesThRMCl19iryMYP7/x2OVgCtbIVflDGFpWnb9irXI3UjYE4AzmYuiUKY1AJstGijoY+MgUszMgRxIYTYw=="],

    "@types/uuid": ["@types/uuid@10.0.0", "https://bnpm.byted.org/@types/uuid/-/uuid-10.0.0.tgz", {}, "sha512-7gqG38EyHgyP1S+7+xomFtL+ZNHcKv6DwNaCZmJmo1vgMugyF3TCnXVg4t1uk89mLNwnLtnY3TpOpCOyp1/xHQ=="],

    "@types/webidl-conversions": ["@types/webidl-conversions@7.0.3", "https://bnpm.byted.org/@types/webidl-conversions/-/webidl-conversions-7.0.3.tgz", {}, "sha512-CiJJvcRtIgzadHCYXw7dqEnMNRjhGZlYK05Mj9OyktqV8uVT8fD2BFOB7S1uwBE3Kj2Z+4UyPmFw/Ixgw/LAlA=="],

    "@types/whatwg-url": ["@types/whatwg-url@11.0.5", "https://bnpm.byted.org/@types/whatwg-url/-/whatwg-url-11.0.5.tgz", { "dependencies": { "@types/webidl-conversions": "*" } }, "sha512-coYR071JRaHa+xoEvvYqvnIHaVqaYrLPbsufM9BF63HkwI5Lgmy2QR8Q5K/lYDYo5AK82wOvSOS0UsLTpTG7uQ=="],

    "async": ["async@3.2.6", "https://bnpm.byted.org/async/-/async-3.2.6.tgz", {}, "sha512-htCUDlxyyCLMgaM3xXg0C0LW2xqfuQ6p05pCEIsXuyQ+a1koYKTuBMzRNwmybfLgvJDMd0r1LTn4+E0Ti6C2AA=="],

    "async-mutex": ["async-mutex@0.5.0", "https://bnpm.byted.org/async-mutex/-/async-mutex-0.5.0.tgz", { "dependencies": { "tslib": "^2.4.0" } }, "sha512-1A94B18jkJ3DYq284ohPxoXbfTA5HsQ7/Mf4DEhcyLx3Bz27Rh59iScbB6EPiP+B+joue6YCxcMXSbFC1tZKwA=="],

    "asynckit": ["asynckit@0.4.0", "https://bnpm.byted.org/asynckit/-/asynckit-0.4.0.tgz", {}, "sha512-Oei9OH4tRh0YqU3GxhX79dM/mwVgvbZJaSNaRk+bshkj0S5cfHcgYakreBjrHwatXKbz+IoIdYLxrKim2MjW0Q=="],

    "axios": ["axios@1.13.5", "https://bnpm.byted.org/axios/-/axios-1.13.5.tgz", { "dependencies": { "follow-redirects": "^1.15.11", "form-data": "^4.0.5", "proxy-from-env": "^1.1.0" } }, "sha512-cz4ur7Vb0xS4/KUN0tPWe44eqxrIu31me+fbang3ijiNscE129POzipJJA6zniq2C/Z6sJCjMimjS8Lc/GAs8Q=="],

    "bson": ["bson@6.10.4", "https://bnpm.byted.org/bson/-/bson-6.10.4.tgz", {}, "sha512-WIsKqkSC0ABoBJuT1LEX+2HEvNmNKKgnTAyd0fL8qzK4SH2i9NXg+t08YtdZp/V9IZ33cxe3iV4yM0qg8lMQng=="],

    "call-bind-apply-helpers": ["call-bind-apply-helpers@1.0.2", "https://bnpm.byted.org/call-bind-apply-helpers/-/call-bind-apply-helpers-1.0.2.tgz", { "dependencies": { "es-errors": "^1.3.0", "function-bind": "^1.1.2" } }, "sha512-Sp1ablJ0ivDkSzjcaJdxEunN5/XvksFJ2sMBFfq6x0ryhQV/2b/KwFe21cMpmHtPOSij8K99/wSfoEuTObmuMQ=="],

    "cluster-key-slot": ["cluster-key-slot@1.1.2", "https://bnpm.byted.org/cluster-key-slot/-/cluster-key-slot-1.1.2.tgz", {}, "sha512-RMr0FhtfXemyinomL4hrWcYJxmX6deFdCxpJzhDttxgO1+bcCnkk+9drydLVDmAMG7NE6aN/fl4F7ucU/90gAA=="],

    "color": ["color@5.0.3", "https://bnpm.byted.org/color/-/color-5.0.3.tgz", { "dependencies": { "color-convert": "^3.1.3", "color-string": "^2.1.3" } }, "sha512-ezmVcLR3xAVp8kYOm4GS45ZLLgIE6SPAFoduLr6hTDajwb3KZ2F46gulK3XpcwRFb5KKGCSezCBAY4Dw4HsyXA=="],

    "color-convert": ["color-convert@3.1.3", "https://bnpm.byted.org/color-convert/-/color-convert-3.1.3.tgz", { "dependencies": { "color-name": "^2.0.0" } }, "sha512-fasDH2ont2GqF5HpyO4w0+BcewlhHEZOFn9c1ckZdHpJ56Qb7MHhH/IcJZbBGgvdtwdwNbLvxiBEdg336iA9Sg=="],

    "color-name": ["color-name@2.1.0", "https://bnpm.byted.org/color-name/-/color-name-2.1.0.tgz", {}, "sha512-1bPaDNFm0axzE4MEAzKPuqKWeRaT43U/hyxKPBdqTfmPF+d6n7FSoTFxLVULUJOmiLp01KjhIPPH+HrXZJN4Rg=="],

    "color-string": ["color-string@2.1.4", "https://bnpm.byted.org/color-string/-/color-string-2.1.4.tgz", { "dependencies": { "color-name": "^2.0.0" } }, "sha512-Bb6Cq8oq0IjDOe8wJmi4JeNn763Xs9cfrBcaylK1tPypWzyoy2G3l90v9k64kjphl/ZJjPIShFztenRomi8WTg=="],

    "combined-stream": ["combined-stream@1.0.8", "https://bnpm.byted.org/combined-stream/-/combined-stream-1.0.8.tgz", { "dependencies": { "delayed-stream": "~1.0.0" } }, "sha512-FQN4MRfuJeHf7cBbBMJFXhKSDq+2kAArBlmRBvcvFE5BB1HZKXtSFASDhdlz9zOYwxh8lDdnvmMOe/+5cdoEdg=="],

    "debug": ["debug@4.4.3", "https://bnpm.byted.org/debug/-/debug-4.4.3.tgz", { "dependencies": { "ms": "^2.1.3" } }, "sha512-RGwwWnwQvkVfavKVt22FGLw+xYSdzARwm0ru6DhTVA3umU5hZc28V3kO4stgYryrTlLpuvgI9GiijltAjNbcqA=="],

    "delayed-stream": ["delayed-stream@1.0.0", "https://bnpm.byted.org/delayed-stream/-/delayed-stream-1.0.0.tgz", {}, "sha512-ZySD7Nf91aLB0RxL4KGrKHBXl7Eds1DAmEdcoVawXnLD7SDhpNgtuII2aAkg7a7QS41jxPSZ17p4VdGnMHk3MQ=="],

    "denque": ["denque@2.1.0", "https://bnpm.byted.org/denque/-/denque-2.1.0.tgz", {}, "sha512-HVQE3AAb/pxF8fQAoiqpvg9i3evqug3hoiwakOyZAwJm+6vZehbkYXZ0l4JxS+I3QxM97v5aaRNhj8v5oBhekw=="],

    "dunder-proto": ["dunder-proto@1.0.1", "https://bnpm.byted.org/dunder-proto/-/dunder-proto-1.0.1.tgz", { "dependencies": { "call-bind-apply-helpers": "^1.0.1", "es-errors": "^1.3.0", "gopd": "^1.2.0" } }, "sha512-KIN/nDJBQRcXw0MLVhZE9iQHmG68qAVIBg9CqmUYjmQIhgij9U5MFvrqkUL5FbtyyzZuOeOt0zdeRe4UY7ct+A=="],

    "enabled": ["enabled@2.0.0", "https://bnpm.byted.org/enabled/-/enabled-2.0.0.tgz", {}, "sha512-AKrN98kuwOzMIdAizXGI86UFBoo26CL21UM763y1h/GMSJ4/OHU9k2YlsmBpyScFo/wbLzWQJBMCW4+IO3/+OQ=="],

    "es-define-property": ["es-define-property@1.0.1", "https://bnpm.byted.org/es-define-property/-/es-define-property-1.0.1.tgz", {}, "sha512-e3nRfgfUZ4rNGL232gUgX06QNyyez04KdjFrF+LTRoOXmrOgFKDg4BCdsjW8EnT69eqdYGmRpJwiPVYNrCaW3g=="],

    "es-errors": ["es-errors@1.3.0", "https://bnpm.byted.org/es-errors/-/es-errors-1.3.0.tgz", {}, "sha512-Zf5H2Kxt2xjTvbJvP2ZWLEICxA6j+hAmMzIlypy4xcBg1vKVnx89Wy0GbS+kf5cwCVFFzdCFh2XSCFNULS6csw=="],

    "es-object-atoms": ["es-object-atoms@1.1.1", "https://bnpm.byted.org/es-object-atoms/-/es-object-atoms-1.1.1.tgz", { "dependencies": { "es-errors": "^1.3.0" } }, "sha512-FGgH2h8zKNim9ljj7dankFPcICIK9Cp5bm+c2gQSYePhpaG5+esrLODihIorn+Pe6FGJzWhXQotPv73jTaldXA=="],

    "es-set-tostringtag": ["es-set-tostringtag@2.1.0", "https://bnpm.byted.org/es-set-tostringtag/-/es-set-tostringtag-2.1.0.tgz", { "dependencies": { "es-errors": "^1.3.0", "get-intrinsic": "^1.2.6", "has-tostringtag": "^1.0.2", "hasown": "^2.0.2" } }, "sha512-j6vWzfrGVfyXxge+O0x5sh6cvxAog0a/4Rdd2K36zCMV5eJ+/+tOAngRO8cODMNWbVRdVlmGZQL2YS3yR8bIUA=="],

    "fecha": ["fecha@4.2.3", "https://bnpm.byted.org/fecha/-/fecha-4.2.3.tgz", {}, "sha512-OP2IUU6HeYKJi3i0z4A19kHMQoLVs4Hc+DPqqxI2h/DPZHTm/vjsfC6P0b4jCMy14XizLBqvndQ+UilD7707Jw=="],

    "fn.name": ["fn.name@1.1.0", "https://bnpm.byted.org/fn.name/-/fn.name-1.1.0.tgz", {}, "sha512-GRnmB5gPyJpAhTQdSZTSp9uaPSvl09KoYcMQtsB9rQoOmzs9dH6ffeccH+Z+cv6P68Hu5bC6JjRh4Ah/mHSNRw=="],

    "follow-redirects": ["follow-redirects@1.15.11", "https://bnpm.byted.org/follow-redirects/-/follow-redirects-1.15.11.tgz", {}, "sha512-deG2P0JfjrTxl50XGCDyfI97ZGVCxIpfKYmfyrQ54n5FO/0gfIES8C/Psl6kWVDolizcaaxZJnTS0QSMxvnsBQ=="],

    "form-data": ["form-data@4.0.5", "https://bnpm.byted.org/form-data/-/form-data-4.0.5.tgz", { "dependencies": { "asynckit": "^0.4.0", "combined-stream": "^1.0.8", "es-set-tostringtag": "^2.1.0", "hasown": "^2.0.2", "mime-types": "^2.1.12" } }, "sha512-8RipRLol37bNs2bhoV67fiTEvdTrbMUYcFTiy3+wuuOnUog2QBHCZWXDRijWQfAkhBj2Uf5UnVaiWwA5vdd82w=="],

    "function-bind": ["function-bind@1.1.2", "https://bnpm.byted.org/function-bind/-/function-bind-1.1.2.tgz", {}, "sha512-7XHNxH7qX9xG5mIwxkhumTox/MIRNcOgDrxWsMt2pAr23WHp6MrRlN7FBSFpCpr+oVO0F744iUgR82nJMfG2SA=="],

    "get-intrinsic": ["get-intrinsic@1.3.0", "https://bnpm.byted.org/get-intrinsic/-/get-intrinsic-1.3.0.tgz", { "dependencies": { "call-bind-apply-helpers": "^1.0.2", "es-define-property": "^1.0.1", "es-errors": "^1.3.0", "es-object-atoms": "^1.1.1", "function-bind": "^1.1.2", "get-proto": "^1.0.1", "gopd": "^1.2.0", "has-symbols": "^1.1.0", "hasown": "^2.0.2", "math-intrinsics": "^1.1.0" } }, "sha512-9fSjSaos/fRIVIp+xSJlE6lfwhES7LNtKaCBIamHsjr2na1BiABJPo0mOjjz8GJDURarmCPGqaiVg5mfjb98CQ=="],

    "get-proto": ["get-proto@1.0.1", "https://bnpm.byted.org/get-proto/-/get-proto-1.0.1.tgz", { "dependencies": { "dunder-proto": "^1.0.1", "es-object-atoms": "^1.0.0" } }, "sha512-sTSfBjoXBp89JvIKIefqw7U2CCebsc74kiY6awiGogKtoSGbgjYE/G/+l9sF3MWFPNc9IcoOC4ODfKHfxFmp0g=="],

    "gopd": ["gopd@1.2.0", "https://bnpm.byted.org/gopd/-/gopd-1.2.0.tgz", {}, "sha512-ZUKRh6/kUFoAiTAtTYPZJ3hw9wNxx+BIBOijnlG9PnrJsCcSjs1wyyD6vJpaYtgnzDrKYRSqf3OO6Rfa93xsRg=="],

    "has-symbols": ["has-symbols@1.1.0", "https://bnpm.byted.org/has-symbols/-/has-symbols-1.1.0.tgz", {}, "sha512-1cDNdwJ2Jaohmb3sg4OmKaMBwuC48sYni5HUw2DvsC8LjGTLK9h+eb1X6RyuOHe4hT0ULCW68iomhjUoKUqlPQ=="],

    "has-tostringtag": ["has-tostringtag@1.0.2", "https://bnpm.byted.org/has-tostringtag/-/has-tostringtag-1.0.2.tgz", { "dependencies": { "has-symbols": "^1.0.3" } }, "sha512-NqADB8VjPFLM2V0VvHUewwwsw0ZWBaIdgo+ieHtK3hasLz4qeCRjYcqfB6AQrBggRKppKF8L52/VqdVsO47Dlw=="],

    "hasown": ["hasown@2.0.2", "https://bnpm.byted.org/hasown/-/hasown-2.0.2.tgz", { "dependencies": { "function-bind": "^1.1.2" } }, "sha512-0hJU9SCPvmMzIBdZFqNPXWa6dqh7WdH0cII9y+CyS8rG3nL48Bclra9HmKhVVUHyPWNH5Y7xDwAB7bfgSjkUMQ=="],

    "inherits": ["inherits@2.0.4", "https://bnpm.byted.org/inherits/-/inherits-2.0.4.tgz", {}, "sha512-k/vGaX4/Yla3WzyMCvTQOXYeIHvqOKtnqBduzTHpzpQZzAskKMhZ2K+EnBiSM9zGSoIFeMpXKxa4dYeZIQqewQ=="],

    "ioredis": ["ioredis@5.9.3", "https://bnpm.byted.org/ioredis/-/ioredis-5.9.3.tgz", { "dependencies": { "@ioredis/commands": "1.5.0", "cluster-key-slot": "^1.1.0", "debug": "^4.3.4", "denque": "^2.1.0", "lodash.defaults": "^4.2.0", "lodash.isarguments": "^3.1.0", "redis-errors": "^1.2.0", "redis-parser": "^3.0.0", "standard-as-callback": "^2.1.0" } }, "sha512-VI5tMCdeoxZWU5vjHWsiE/Su76JGhBvWF1MJnV9ZtGltHk9BmD48oDq8Tj8haZ85aceXZMxLNDQZRVo5QKNgXA=="],

    "is-stream": ["is-stream@2.0.1", "https://bnpm.byted.org/is-stream/-/is-stream-2.0.1.tgz", {}, "sha512-hFoiJiTl63nn+kstHGBtewWSKnQLpyb155KHheA1l39uvtO9nWIop1p3udqPcUd/xbF1VLMO4n7OI6p7RbngDg=="],

    "kuler": ["kuler@2.0.0", "https://bnpm.byted.org/kuler/-/kuler-2.0.0.tgz", {}, "sha512-Xq9nH7KlWZmXAtodXDDRE7vs6DU1gTU8zYDHDiWLSip45Egwq3plLHzPn27NgvzL2r1LMPC1vdqh98sQxtqj4A=="],

    "lodash.defaults": ["lodash.defaults@4.2.0", "https://bnpm.byted.org/lodash.defaults/-/lodash.defaults-4.2.0.tgz", {}, "sha512-qjxPLHd3r5DnsdGacqOMU6pb/avJzdh9tFX2ymgoZE27BmjXrNy/y4LoaiTeAb+O3gL8AfpJGtqfX/ae2leYYQ=="],

    "lodash.isarguments": ["lodash.isarguments@3.1.0", "https://bnpm.byted.org/lodash.isarguments/-/lodash.isarguments-3.1.0.tgz", {}, "sha512-chi4NHZlZqZD18a0imDHnZPrDeBbTtVN7GXMwuGdRH9qotxAjYs3aVLKc7zNOG9eddR5Ksd8rvFEBc9SsggPpg=="],

    "logform": ["logform@2.7.0", "https://bnpm.byted.org/logform/-/logform-2.7.0.tgz", { "dependencies": { "@colors/colors": "1.6.0", "@types/triple-beam": "^1.3.2", "fecha": "^4.2.0", "ms": "^2.1.1", "safe-stable-stringify": "^2.3.1", "triple-beam": "^1.3.0" } }, "sha512-TFYA4jnP7PVbmlBIfhlSe+WKxs9dklXMTEGcBCIvLhE/Tn3H6Gk1norupVW7m5Cnd4bLcr08AytbyV/xj7f/kQ=="],

    "math-intrinsics": ["math-intrinsics@1.1.0", "https://bnpm.byted.org/math-intrinsics/-/math-intrinsics-1.1.0.tgz", {}, "sha512-/IXtbwEk5HTPyEwyKX6hGkYXxM9nbj64B+ilVJnC/R6B0pH5G4V3b0pVbL7DBj4tkhBAppbQUlf6F6Xl9LHu1g=="],

    "memory-pager": ["memory-pager@1.5.0", "https://bnpm.byted.org/memory-pager/-/memory-pager-1.5.0.tgz", {}, "sha512-ZS4Bp4r/Zoeq6+NLJpP+0Zzm0pR8whtGPf1XExKLJBAczGMnSi3It14OiNCStjQjM6NU1okjQGSxgEZN8eBYKg=="],

    "mime-db": ["mime-db@1.52.0", "https://bnpm.byted.org/mime-db/-/mime-db-1.52.0.tgz", {}, "sha512-sPU4uV7dYlvtWJxwwxHD0PuihVNiE7TyAbQ5SWxDCB9mUYvOgroQOwYQQOKPJ8CIbE+1ETVlOoK1UC2nU3gYvg=="],

    "mime-types": ["mime-types@2.1.35", "https://bnpm.byted.org/mime-types/-/mime-types-2.1.35.tgz", { "dependencies": { "mime-db": "1.52.0" } }, "sha512-ZDY+bPm5zTTF+YpCrAU9nK0UgICYPT0QtT1NZWFv4s++TNkcgVaT0g6+4R2uI4MjQjzysHB1zxuWL50hzaeXiw=="],

    "mongodb": ["mongodb@6.21.0", "https://bnpm.byted.org/mongodb/-/mongodb-6.21.0.tgz", { "dependencies": { "@mongodb-js/saslprep": "^1.3.0", "bson": "^6.10.4", "mongodb-connection-string-url": "^3.0.2" }, "peerDependencies": { "@aws-sdk/credential-providers": "^3.188.0", "@mongodb-js/zstd": "^1.1.0 || ^2.0.0", "gcp-metadata": "^5.2.0", "kerberos": "^2.0.1", "mongodb-client-encryption": ">=6.0.0 <7", "snappy": "^7.3.2", "socks": "^2.7.1" }, "optionalPeers": ["@aws-sdk/credential-providers", "@mongodb-js/zstd", "gcp-metadata", "kerberos", "mongodb-client-encryption", "snappy", "socks"] }, "sha512-URyb/VXMjJ4da46OeSXg+puO39XH9DeQpWCslifrRn9JWugy0D+DvvBvkm2WxmHe61O/H19JM66p1z7RHVkZ6A=="],

    "mongodb-connection-string-url": ["mongodb-connection-string-url@3.0.2", "https://bnpm.byted.org/mongodb-connection-string-url/-/mongodb-connection-string-url-3.0.2.tgz", { "dependencies": { "@types/whatwg-url": "^11.0.2", "whatwg-url": "^14.1.0 || ^13.0.0" } }, "sha512-rMO7CGo/9BFwyZABcKAWL8UJwH/Kc2x0g72uhDWzG48URRax5TCIcJ7Rc3RZqffZzO/Gwff/jyKwCU9TN8gehA=="],

    "ms": ["ms@2.1.3", "https://bnpm.byted.org/ms/-/ms-2.1.3.tgz", {}, "sha512-6FlzubTLZG3J2a/NVCAleEhjzq5oxgHyaCU9yYXvcLsvoVaHJq/s5xXI6/XXP6tz7R9xAOtHnSO/tXtF3WRTlA=="],

    "one-time": ["one-time@1.0.0", "https://bnpm.byted.org/one-time/-/one-time-1.0.0.tgz", { "dependencies": { "fn.name": "1.x.x" } }, "sha512-5DXOiRKwuSEcQ/l0kGCF6Q3jcADFv5tSmRaJck/OqkVFcOzutB134KRSfF0xDrL39MNnqxbHBbUUcjZIhTgb2g=="],

    "proxy-from-env": ["proxy-from-env@1.1.0", "https://bnpm.byted.org/proxy-from-env/-/proxy-from-env-1.1.0.tgz", {}, "sha512-D+zkORCbA9f1tdWRK0RaCR3GPv50cMxcrz4X8k5LTSUD1Dkw47mKJEZQNunItRTkWwgtaUSo1RVFRIG9ZXiFYg=="],

    "punycode": ["punycode@2.3.1", "https://bnpm.byted.org/punycode/-/punycode-2.3.1.tgz", {}, "sha512-vYt7UD1U9Wg6138shLtLOvdAu+8DsC/ilFtEVHcH+wydcSpNE20AfSOduf6MkRFahL5FY7X1oU7nKVZFtfq8Fg=="],

    "readable-stream": ["readable-stream@3.6.2", "https://bnpm.byted.org/readable-stream/-/readable-stream-3.6.2.tgz", { "dependencies": { "inherits": "^2.0.3", "string_decoder": "^1.1.1", "util-deprecate": "^1.0.1" } }, "sha512-9u/sniCrY3D5WdsERHzHE4G2YCXqoG5FTHUiCC4SIbr6XcLZBY05ya9EKjYek9O5xOAwjGq+1JdGBAS7Q9ScoA=="],

    "redis-errors": ["redis-errors@1.2.0", "https://bnpm.byted.org/redis-errors/-/redis-errors-1.2.0.tgz", {}, "sha512-1qny3OExCf0UvUV/5wpYKf2YwPcOqXzkwKKSmKHiE6ZMQs5heeE/c8eXK+PNllPvmjgAbfnsbpkGZWy8cBpn9w=="],

    "redis-parser": ["redis-parser@3.0.0", "https://bnpm.byted.org/redis-parser/-/redis-parser-3.0.0.tgz", { "dependencies": { "redis-errors": "^1.0.0" } }, "sha512-DJnGAeenTdpMEH6uAJRK/uiyEIH9WVsUmoLwzudwGJUwZPp80PDBWPHXSAGNPwNvIXAbe7MSUB1zQFugFml66A=="],

    "safe-buffer": ["safe-buffer@5.2.1", "https://bnpm.byted.org/safe-buffer/-/safe-buffer-5.2.1.tgz", {}, "sha512-rp3So07KcdmmKbGvgaNxQSJr7bGVSVk5S9Eq1F+ppbRo70+YeaDxkw5Dd8NPN+GD6bjnYm2VuPuCXmpuYvmCXQ=="],

    "safe-stable-stringify": ["safe-stable-stringify@2.5.0", "https://bnpm.byted.org/safe-stable-stringify/-/safe-stable-stringify-2.5.0.tgz", {}, "sha512-b3rppTKm9T+PsVCBEOUR46GWI7fdOs00VKZ1+9c1EWDaDMvjQc6tUwuFyIprgGgTcWoVHSKrU8H31ZHA2e0RHA=="],

    "sparse-bitfield": ["sparse-bitfield@3.0.3", "https://bnpm.byted.org/sparse-bitfield/-/sparse-bitfield-3.0.3.tgz", { "dependencies": { "memory-pager": "^1.0.2" } }, "sha512-kvzhi7vqKTfkh0PZU+2D2PIllw2ymqJKujUcyPMd9Y75Nv4nPbGJZXNhxsgdQab2BmlDct1YnfQCguEvHr7VsQ=="],

    "stack-trace": ["stack-trace@0.0.10", "https://bnpm.byted.org/stack-trace/-/stack-trace-0.0.10.tgz", {}, "sha512-KGzahc7puUKkzyMt+IqAep+TVNbKP+k2Lmwhub39m1AsTSkaDutx56aDCo+HLDzf/D26BIHTJWNiTG1KAJiQCg=="],

    "standard-as-callback": ["standard-as-callback@2.1.0", "https://bnpm.byted.org/standard-as-callback/-/standard-as-callback-2.1.0.tgz", {}, "sha512-qoRRSyROncaz1z0mvYqIE4lCd9p2R90i6GxW3uZv5ucSu8tU7B5HXUP1gG8pVZsYNVaXjk8ClXHPttLyxAL48A=="],

    "string_decoder": ["string_decoder@1.3.0", "https://bnpm.byted.org/string_decoder/-/string_decoder-1.3.0.tgz", { "dependencies": { "safe-buffer": "~5.2.0" } }, "sha512-hkRX8U1WjJFd8LsDJ2yQ/wWWxaopEsABU1XfkM8A+j0+85JAGppt16cr1Whg6KIbb4okU6Mql6BOj+uup/wKeA=="],

    "text-hex": ["text-hex@1.0.0", "https://bnpm.byted.org/text-hex/-/text-hex-1.0.0.tgz", {}, "sha512-uuVGNWzgJ4yhRaNSiubPY7OjISw4sw4E5Uv0wbjp+OzcbmVU/rsT8ujgcXJhn9ypzsgr5vlzpPqP+MBBKcGvbg=="],

    "tr46": ["tr46@5.1.1", "https://bnpm.byted.org/tr46/-/tr46-5.1.1.tgz", { "dependencies": { "punycode": "^2.3.1" } }, "sha512-hdF5ZgjTqgAntKkklYw0R03MG2x/bSzTtkxmIRw/sTNV8YXsCJ1tfLAX23lhxhHJlEf3CRCOCGGWw3vI3GaSPw=="],

    "triple-beam": ["triple-beam@1.4.1", "https://bnpm.byted.org/triple-beam/-/triple-beam-1.4.1.tgz", {}, "sha512-aZbgViZrg1QNcG+LULa7nhZpJTZSLm/mXnHXnbAbjmN5aSa0y7V+wvv6+4WaBtpISJzThKy+PIPxc1Nq1EJ9mg=="],

    "tslib": ["tslib@2.8.1", "https://bnpm.byted.org/tslib/-/tslib-2.8.1.tgz", {}, "sha512-oJFu94HQb+KVduSUQL7wnpmqnfmLsOA/nAh6b6EH0wCEoK0/mPeXU6c3wKDV83MkOuHPRHtSXKKU99IBazS/2w=="],

    "typescript": ["typescript@5.9.3", "https://bnpm.byted.org/typescript/-/typescript-5.9.3.tgz", { "bin": { "tsserver": "bin/tsserver", "tsc": "bin/tsc" } }, "sha512-jl1vZzPDinLr9eUt3J/t7V6FgNEw9QjvBPdysz9KfQDD41fQrC2Y4vKQdiaUpFT4bXlb1RHhLpp8wtm6M5TgSw=="],

    "undici-types": ["undici-types@5.26.5", "https://bnpm.byted.org/undici-types/-/undici-types-5.26.5.tgz", {}, "sha512-JlCMO+ehdEIKqlFxk6IfVoAUVmgz7cU7zD/h9XZ0qzeosSHmUJVOzSQvvYSYWXkFXC+IfLKSIffhv0sVZup6pA=="],

    "util-deprecate": ["util-deprecate@1.0.2", "https://bnpm.byted.org/util-deprecate/-/util-deprecate-1.0.2.tgz", {}, "sha512-EPD5q1uXyFxJpCrLnCc1nHnq3gOa6DZBocAIiI2TaSCA7VCJ1UJDMagCzIkXNsUYfD1daK//LTEQ8xiIbrHtcw=="],

    "uuid": ["uuid@10.0.0", "https://bnpm.byted.org/uuid/-/uuid-10.0.0.tgz", { "bin": { "uuid": "dist/bin/uuid" } }, "sha512-8XkAphELsDnEGrDxUOHB3RGvXz6TeuYSGEZBOjtTtPm2lwhGBjLgOzLHB63IUWfBpNucQjND6d3AOudO+H3RWQ=="],

    "webidl-conversions": ["webidl-conversions@7.0.0", "https://bnpm.byted.org/webidl-conversions/-/webidl-conversions-7.0.0.tgz", {}, "sha512-VwddBukDzu71offAQR975unBIGqfKZpM+8ZX6ySk8nYhVoo5CYaZyzt3YBvYtRtO+aoGlqxPg/B87NGVZ/fu6g=="],

    "whatwg-url": ["whatwg-url@14.2.0", "https://bnpm.byted.org/whatwg-url/-/whatwg-url-14.2.0.tgz", { "dependencies": { "tr46": "^5.1.0", "webidl-conversions": "^7.0.0" } }, "sha512-De72GdQZzNTUBBChsXueQUnPKDkg/5A5zp7pFDuQAj5UFoENpiACU0wlCvzpAGnTkj++ihpKwKyYewn/XNUbKw=="],

    "winston": ["winston@3.19.0", "https://bnpm.byted.org/winston/-/winston-3.19.0.tgz", { "dependencies": { "@colors/colors": "^1.6.0", "@dabh/diagnostics": "^2.0.8", "async": "^3.2.3", "is-stream": "^2.0.0", "logform": "^2.7.0", "one-time": "^1.0.0", "readable-stream": "^3.4.0", "safe-stable-stringify": "^2.3.1", "stack-trace": "0.0.x", "triple-beam": "^1.3.0", "winston-transport": "^4.9.0" } }, "sha512-LZNJgPzfKR+/J3cHkxcpHKpKKvGfDZVPS4hfJCc4cCG0CgYzvlD6yE/S3CIL/Yt91ak327YCpiF/0MyeZHEHKA=="],

    "winston-transport": ["winston-transport@4.9.0", "https://bnpm.byted.org/winston-transport/-/winston-transport-4.9.0.tgz", { "dependencies": { "logform": "^2.7.0", "readable-stream": "^3.6.2", "triple-beam": "^1.3.0" } }, "sha512-8drMJ4rkgaPo1Me4zD/3WLfI/zPdA9o2IipKODunnGDcuqbHwjsbB79ylv04LCGGzU0xQ6vTznOMpQGaLhhm6A=="],
  }
}
